# This file is automatically @generated by Cargo.
# It is not intended for manual editing.
[[package]]
name = "day22"
version = "0.1.0"
dependencies = [
 "joinery",
]

[[package]]
name = "joinery"
version = "2.0.0"
source = "registry+https://github.com/rust-lang/crates.io-index"
checksum = "85a5c968b1e8336a945da21fab473045df2d5f8c81535e762d52f6b2c49477b9"
